
Microsoft Visual Studio Solution File, Format Version 12.00
# Visual Studio 14
VisualStudioVersion = 14.0.25420.1
MinimumVisualStudioVersion = 10.0.40219.1
Project("{FAE04EC0-301F-11D3-BF4B-00C04F79EFBC}") = "OZone", "OZone\OZone.csproj", "{A7D89DDA-B9D1-40A6-986A-6277F510A722}"
EndProject
Project("{FAE04EC0-301F-11D3-BF4B-00C04F79EFBC}") = "C64Console", "C64Console\C64Console.csproj", "{1DCE36F2-F97F-4C45-979E-C3BCB89284BD}"
EndProject
Project("{FAE04EC0-301F-11D3-BF4B-00C04F79EFBC}") = "x86Console", "x86Console\x86Console.csproj", "{28A67D59-60D1-4580-9BDE-E369791762A1}"
EndProject
Project("{FAE04EC0-301F-11D3-BF4B-00C04F79EFBC}") = "AtariGame", "AtariGame\AtariGame.csproj", "{962CDE8E-C573-4494-B637-9BDE4179202D}"
EndProject
Project("{FAE04EC0-301F-11D3-BF4B-00C04F79EFBC}") = "NesGame", "NesGame\NesGame.csproj", "{1E63FE24-3D81-47AC-81C9-DB0B2C86017D}"
EndProject
Project("{FAE04EC0-301F-11D3-BF4B-00C04F79EFBC}") = "JavaConsole", "JavaConsole\JavaConsole.csproj", "{A72F6D3D-BDA7-40D3-B3D2-93B1947162A9}"
EndProject
Project("{FAE04EC0-301F-11D3-BF4B-00C04F79EFBC}") = "x86Desktop", "x86Desktop\x86Desktop.csproj", "{550C9564-6A8D-486D-B390-A18C58C691FD}"
EndProject
Project("{FAE04EC0-301F-11D3-BF4B-00C04F79EFBC}") = "x86Console32", "x86Console32\x86Console32.csproj", "{56A0F126-00E9-435E-8D84-9FB202F6DA3A}"
EndProject
Project("{FAE04EC0-301F-11D3-BF4B-00C04F79EFBC}") = "x86Desktop32", "x86Desktop32\x86Desktop32.csproj", "{696DEA1A-4466-463B-BF49-19362994FB92}"
EndProject
Project("{FAE04EC0-301F-11D3-BF4B-00C04F79EFBC}") = "x86Server32", "x86Server32\x86Server32.csproj", "{18CD9622-F013-4C3D-B466-1B57ED4DD7FE}"
EndProject
Project("{FAE04EC0-301F-11D3-BF4B-00C04F79EFBC}") = "Win32Application", "Win32Application\Win32Application.csproj", "{ABE681F1-1BD8-444F-8CB3-DEE6E8B0D928}"
EndProject
Project("{FAE04EC0-301F-11D3-BF4B-00C04F79EFBC}") = "SnesGame", "SnesGame\SnesGame.csproj", "{EBE8B258-C1EB-489E-9FCE-6261C0229629}"
EndProject
Project("{FAE04EC0-301F-11D3-BF4B-00C04F79EFBC}") = "GbGame", "GbGame\GbGame.csproj", "{78F5B013-74A1-4D92-BDA4-C2897B03470C}"
EndProject
Project("{FAE04EC0-301F-11D3-BF4B-00C04F79EFBC}") = "GbaGame", "GbaGame\GbaGame.csproj", "{058361F4-1793-4AF2-B88C-9172E3736AF1}"
EndProject
Project("{FAE04EC0-301F-11D3-BF4B-00C04F79EFBC}") = "N64Game", "N64Game\N64Game.csproj", "{C95E3FBF-2ECE-43DA-8607-018B42EA2E58}"
EndProject
Project("{FAE04EC0-301F-11D3-BF4B-00C04F79EFBC}") = "PiConsole", "PiConsole\PiConsole.csproj", "{F7C75DCE-CBE3-4EC6-A178-01FD59CFED93}"
EndProject
Project("{FAE04EC0-301F-11D3-BF4B-00C04F79EFBC}") = "x86Console64", "x86Console64\x86Console64.csproj", "{12B008B6-66F1-4C96-86D6-7C79C617BD97}"
EndProject
Global
	GlobalSection(SolutionConfigurationPlatforms) = preSolution
		Debug|Any CPU = Debug|Any CPU
		Debug|Mixed Platforms = Debug|Mixed Platforms
		Debug|x86 = Debug|x86
		Release|Any CPU = Release|Any CPU
		Release|Mixed Platforms = Release|Mixed Platforms
		Release|x86 = Release|x86
	EndGlobalSection
	GlobalSection(ProjectConfigurationPlatforms) = postSolution
		{A7D89DDA-B9D1-40A6-986A-6277F510A722}.Debug|Any CPU.ActiveCfg = Debug|Any CPU
		{A7D89DDA-B9D1-40A6-986A-6277F510A722}.Debug|Any CPU.Build.0 = Debug|Any CPU
		{A7D89DDA-B9D1-40A6-986A-6277F510A722}.Debug|Mixed Platforms.ActiveCfg = Debug|x86
		{A7D89DDA-B9D1-40A6-986A-6277F510A722}.Debug|Mixed Platforms.Build.0 = Debug|x86
		{A7D89DDA-B9D1-40A6-986A-6277F510A722}.Debug|x86.ActiveCfg = Debug|x86
		{A7D89DDA-B9D1-40A6-986A-6277F510A722}.Debug|x86.Build.0 = Debug|x86
		{A7D89DDA-B9D1-40A6-986A-6277F510A722}.Release|Any CPU.ActiveCfg = Release|Any CPU
		{A7D89DDA-B9D1-40A6-986A-6277F510A722}.Release|Any CPU.Build.0 = Release|Any CPU
		{A7D89DDA-B9D1-40A6-986A-6277F510A722}.Release|Mixed Platforms.ActiveCfg = Release|x86
		{A7D89DDA-B9D1-40A6-986A-6277F510A722}.Release|Mixed Platforms.Build.0 = Release|x86
		{A7D89DDA-B9D1-40A6-986A-6277F510A722}.Release|x86.ActiveCfg = Release|x86
		{A7D89DDA-B9D1-40A6-986A-6277F510A722}.Release|x86.Build.0 = Release|x86
		{1DCE36F2-F97F-4C45-979E-C3BCB89284BD}.Debug|Any CPU.ActiveCfg = Debug|Any CPU
		{1DCE36F2-F97F-4C45-979E-C3BCB89284BD}.Debug|Any CPU.Build.0 = Debug|Any CPU
		{1DCE36F2-F97F-4C45-979E-C3BCB89284BD}.Debug|Mixed Platforms.ActiveCfg = Debug|x86
		{1DCE36F2-F97F-4C45-979E-C3BCB89284BD}.Debug|Mixed Platforms.Build.0 = Debug|x86
		{1DCE36F2-F97F-4C45-979E-C3BCB89284BD}.Debug|x86.ActiveCfg = Debug|x86
		{1DCE36F2-F97F-4C45-979E-C3BCB89284BD}.Debug|x86.Build.0 = Debug|x86
		{1DCE36F2-F97F-4C45-979E-C3BCB89284BD}.Release|Any CPU.ActiveCfg = Release|Any CPU
		{1DCE36F2-F97F-4C45-979E-C3BCB89284BD}.Release|Any CPU.Build.0 = Release|Any CPU
		{1DCE36F2-F97F-4C45-979E-C3BCB89284BD}.Release|Mixed Platforms.ActiveCfg = Release|x86
		{1DCE36F2-F97F-4C45-979E-C3BCB89284BD}.Release|Mixed Platforms.Build.0 = Release|x86
		{1DCE36F2-F97F-4C45-979E-C3BCB89284BD}.Release|x86.ActiveCfg = Release|x86
		{1DCE36F2-F97F-4C45-979E-C3BCB89284BD}.Release|x86.Build.0 = Release|x86
		{28A67D59-60D1-4580-9BDE-E369791762A1}.Debug|Any CPU.ActiveCfg = Debug|Any CPU
		{28A67D59-60D1-4580-9BDE-E369791762A1}.Debug|Any CPU.Build.0 = Debug|Any CPU
		{28A67D59-60D1-4580-9BDE-E369791762A1}.Debug|Mixed Platforms.ActiveCfg = Debug|x86
		{28A67D59-60D1-4580-9BDE-E369791762A1}.Debug|Mixed Platforms.Build.0 = Debug|x86
		{28A67D59-60D1-4580-9BDE-E369791762A1}.Debug|x86.ActiveCfg = Debug|x86
		{28A67D59-60D1-4580-9BDE-E369791762A1}.Debug|x86.Build.0 = Debug|x86
		{28A67D59-60D1-4580-9BDE-E369791762A1}.Release|Any CPU.ActiveCfg = Release|Any CPU
		{28A67D59-60D1-4580-9BDE-E369791762A1}.Release|Any CPU.Build.0 = Release|Any CPU
		{28A67D59-60D1-4580-9BDE-E369791762A1}.Release|Mixed Platforms.ActiveCfg = Release|x86
		{28A67D59-60D1-4580-9BDE-E369791762A1}.Release|Mixed Platforms.Build.0 = Release|x86
		{28A67D59-60D1-4580-9BDE-E369791762A1}.Release|x86.ActiveCfg = Release|x86
		{28A67D59-60D1-4580-9BDE-E369791762A1}.Release|x86.Build.0 = Release|x86
		{962CDE8E-C573-4494-B637-9BDE4179202D}.Debug|Any CPU.ActiveCfg = Debug|Any CPU
		{962CDE8E-C573-4494-B637-9BDE4179202D}.Debug|Any CPU.Build.0 = Debug|Any CPU
		{962CDE8E-C573-4494-B637-9BDE4179202D}.Debug|Mixed Platforms.ActiveCfg = Debug|x86
		{962CDE8E-C573-4494-B637-9BDE4179202D}.Debug|Mixed Platforms.Build.0 = Debug|x86
		{962CDE8E-C573-4494-B637-9BDE4179202D}.Debug|x86.ActiveCfg = Debug|x86
		{962CDE8E-C573-4494-B637-9BDE4179202D}.Debug|x86.Build.0 = Debug|x86
		{962CDE8E-C573-4494-B637-9BDE4179202D}.Release|Any CPU.ActiveCfg = Release|Any CPU
		{962CDE8E-C573-4494-B637-9BDE4179202D}.Release|Any CPU.Build.0 = Release|Any CPU
		{962CDE8E-C573-4494-B637-9BDE4179202D}.Release|Mixed Platforms.ActiveCfg = Release|x86
		{962CDE8E-C573-4494-B637-9BDE4179202D}.Release|Mixed Platforms.Build.0 = Release|x86
		{962CDE8E-C573-4494-B637-9BDE4179202D}.Release|x86.ActiveCfg = Release|x86
		{962CDE8E-C573-4494-B637-9BDE4179202D}.Release|x86.Build.0 = Release|x86
		{1E63FE24-3D81-47AC-81C9-DB0B2C86017D}.Debug|Any CPU.ActiveCfg = Debug|Any CPU
		{1E63FE24-3D81-47AC-81C9-DB0B2C86017D}.Debug|Any CPU.Build.0 = Debug|Any CPU
		{1E63FE24-3D81-47AC-81C9-DB0B2C86017D}.Debug|Mixed Platforms.ActiveCfg = Debug|x86
		{1E63FE24-3D81-47AC-81C9-DB0B2C86017D}.Debug|Mixed Platforms.Build.0 = Debug|x86
		{1E63FE24-3D81-47AC-81C9-DB0B2C86017D}.Debug|x86.ActiveCfg = Debug|x86
		{1E63FE24-3D81-47AC-81C9-DB0B2C86017D}.Debug|x86.Build.0 = Debug|x86
		{1E63FE24-3D81-47AC-81C9-DB0B2C86017D}.Release|Any CPU.ActiveCfg = Release|Any CPU
		{1E63FE24-3D81-47AC-81C9-DB0B2C86017D}.Release|Any CPU.Build.0 = Release|Any CPU
		{1E63FE24-3D81-47AC-81C9-DB0B2C86017D}.Release|Mixed Platforms.ActiveCfg = Release|x86
		{1E63FE24-3D81-47AC-81C9-DB0B2C86017D}.Release|Mixed Platforms.Build.0 = Release|x86
		{1E63FE24-3D81-47AC-81C9-DB0B2C86017D}.Release|x86.ActiveCfg = Release|x86
		{1E63FE24-3D81-47AC-81C9-DB0B2C86017D}.Release|x86.Build.0 = Release|x86
		{A72F6D3D-BDA7-40D3-B3D2-93B1947162A9}.Debug|Any CPU.ActiveCfg = Debug|Any CPU
		{A72F6D3D-BDA7-40D3-B3D2-93B1947162A9}.Debug|Any CPU.Build.0 = Debug|Any CPU
		{A72F6D3D-BDA7-40D3-B3D2-93B1947162A9}.Debug|Mixed Platforms.ActiveCfg = Debug|x86
		{A72F6D3D-BDA7-40D3-B3D2-93B1947162A9}.Debug|Mixed Platforms.Build.0 = Debug|x86
		{A72F6D3D-BDA7-40D3-B3D2-93B1947162A9}.Debug|x86.ActiveCfg = Debug|x86
		{A72F6D3D-BDA7-40D3-B3D2-93B1947162A9}.Debug|x86.Build.0 = Debug|x86
		{A72F6D3D-BDA7-40D3-B3D2-93B1947162A9}.Release|Any CPU.ActiveCfg = Release|Any CPU
		{A72F6D3D-BDA7-40D3-B3D2-93B1947162A9}.Release|Any CPU.Build.0 = Release|Any CPU
		{A72F6D3D-BDA7-40D3-B3D2-93B1947162A9}.Release|Mixed Platforms.ActiveCfg = Release|x86
		{A72F6D3D-BDA7-40D3-B3D2-93B1947162A9}.Release|Mixed Platforms.Build.0 = Release|x86
		{A72F6D3D-BDA7-40D3-B3D2-93B1947162A9}.Release|x86.ActiveCfg = Release|x86
		{A72F6D3D-BDA7-40D3-B3D2-93B1947162A9}.Release|x86.Build.0 = Release|x86
		{550C9564-6A8D-486D-B390-A18C58C691FD}.Debug|Any CPU.ActiveCfg = Debug|Any CPU
		{550C9564-6A8D-486D-B390-A18C58C691FD}.Debug|Any CPU.Build.0 = Debug|Any CPU
		{550C9564-6A8D-486D-B390-A18C58C691FD}.Debug|Mixed Platforms.ActiveCfg = Debug|x86
		{550C9564-6A8D-486D-B390-A18C58C691FD}.Debug|Mixed Platforms.Build.0 = Debug|x86
		{550C9564-6A8D-486D-B390-A18C58C691FD}.Debug|x86.ActiveCfg = Debug|x86
		{550C9564-6A8D-486D-B390-A18C58C691FD}.Debug|x86.Build.0 = Debug|x86
		{550C9564-6A8D-486D-B390-A18C58C691FD}.Release|Any CPU.ActiveCfg = Release|Any CPU
		{550C9564-6A8D-486D-B390-A18C58C691FD}.Release|Any CPU.Build.0 = Release|Any CPU
		{550C9564-6A8D-486D-B390-A18C58C691FD}.Release|Mixed Platforms.ActiveCfg = Release|x86
		{550C9564-6A8D-486D-B390-A18C58C691FD}.Release|Mixed Platforms.Build.0 = Release|x86
		{550C9564-6A8D-486D-B390-A18C58C691FD}.Release|x86.ActiveCfg = Release|x86
		{550C9564-6A8D-486D-B390-A18C58C691FD}.Release|x86.Build.0 = Release|x86
		{56A0F126-00E9-435E-8D84-9FB202F6DA3A}.Debug|Any CPU.ActiveCfg = Debug|Any CPU
		{56A0F126-00E9-435E-8D84-9FB202F6DA3A}.Debug|Any CPU.Build.0 = Debug|Any CPU
		{56A0F126-00E9-435E-8D84-9FB202F6DA3A}.Debug|Mixed Platforms.ActiveCfg = Debug|x86
		{56A0F126-00E9-435E-8D84-9FB202F6DA3A}.Debug|Mixed Platforms.Build.0 = Debug|x86
		{56A0F126-00E9-435E-8D84-9FB202F6DA3A}.Debug|x86.ActiveCfg = Debug|x86
		{56A0F126-00E9-435E-8D84-9FB202F6DA3A}.Debug|x86.Build.0 = Debug|x86
		{56A0F126-00E9-435E-8D84-9FB202F6DA3A}.Release|Any CPU.ActiveCfg = Release|Any CPU
		{56A0F126-00E9-435E-8D84-9FB202F6DA3A}.Release|Any CPU.Build.0 = Release|Any CPU
		{56A0F126-00E9-435E-8D84-9FB202F6DA3A}.Release|Mixed Platforms.ActiveCfg = Release|x86
		{56A0F126-00E9-435E-8D84-9FB202F6DA3A}.Release|Mixed Platforms.Build.0 = Release|x86
		{56A0F126-00E9-435E-8D84-9FB202F6DA3A}.Release|x86.ActiveCfg = Release|x86
		{56A0F126-00E9-435E-8D84-9FB202F6DA3A}.Release|x86.Build.0 = Release|x86
		{696DEA1A-4466-463B-BF49-19362994FB92}.Debug|Any CPU.ActiveCfg = Debug|Any CPU
		{696DEA1A-4466-463B-BF49-19362994FB92}.Debug|Any CPU.Build.0 = Debug|Any CPU
		{696DEA1A-4466-463B-BF49-19362994FB92}.Debug|Mixed Platforms.ActiveCfg = Debug|x86
		{696DEA1A-4466-463B-BF49-19362994FB92}.Debug|Mixed Platforms.Build.0 = Debug|x86
		{696DEA1A-4466-463B-BF49-19362994FB92}.Debug|x86.ActiveCfg = Debug|x86
		{696DEA1A-4466-463B-BF49-19362994FB92}.Debug|x86.Build.0 = Debug|x86
		{696DEA1A-4466-463B-BF49-19362994FB92}.Release|Any CPU.ActiveCfg = Release|Any CPU
		{696DEA1A-4466-463B-BF49-19362994FB92}.Release|Any CPU.Build.0 = Release|Any CPU
		{696DEA1A-4466-463B-BF49-19362994FB92}.Release|Mixed Platforms.ActiveCfg = Release|x86
		{696DEA1A-4466-463B-BF49-19362994FB92}.Release|Mixed Platforms.Build.0 = Release|x86
		{696DEA1A-4466-463B-BF49-19362994FB92}.Release|x86.ActiveCfg = Release|x86
		{696DEA1A-4466-463B-BF49-19362994FB92}.Release|x86.Build.0 = Release|x86
		{18CD9622-F013-4C3D-B466-1B57ED4DD7FE}.Debug|Any CPU.ActiveCfg = Debug|Any CPU
		{18CD9622-F013-4C3D-B466-1B57ED4DD7FE}.Debug|Any CPU.Build.0 = Debug|Any CPU
		{18CD9622-F013-4C3D-B466-1B57ED4DD7FE}.Debug|Mixed Platforms.ActiveCfg = Debug|x86
		{18CD9622-F013-4C3D-B466-1B57ED4DD7FE}.Debug|Mixed Platforms.Build.0 = Debug|x86
		{18CD9622-F013-4C3D-B466-1B57ED4DD7FE}.Debug|x86.ActiveCfg = Debug|x86
		{18CD9622-F013-4C3D-B466-1B57ED4DD7FE}.Debug|x86.Build.0 = Debug|x86
		{18CD9622-F013-4C3D-B466-1B57ED4DD7FE}.Release|Any CPU.ActiveCfg = Release|Any CPU
		{18CD9622-F013-4C3D-B466-1B57ED4DD7FE}.Release|Any CPU.Build.0 = Release|Any CPU
		{18CD9622-F013-4C3D-B466-1B57ED4DD7FE}.Release|Mixed Platforms.ActiveCfg = Release|x86
		{18CD9622-F013-4C3D-B466-1B57ED4DD7FE}.Release|Mixed Platforms.Build.0 = Release|x86
		{18CD9622-F013-4C3D-B466-1B57ED4DD7FE}.Release|x86.ActiveCfg = Release|x86
		{18CD9622-F013-4C3D-B466-1B57ED4DD7FE}.Release|x86.Build.0 = Release|x86
		{ABE681F1-1BD8-444F-8CB3-DEE6E8B0D928}.Debug|Any CPU.ActiveCfg = Debug|Any CPU
		{ABE681F1-1BD8-444F-8CB3-DEE6E8B0D928}.Debug|Any CPU.Build.0 = Debug|Any CPU
		{ABE681F1-1BD8-444F-8CB3-DEE6E8B0D928}.Debug|Mixed Platforms.ActiveCfg = Debug|x86
		{ABE681F1-1BD8-444F-8CB3-DEE6E8B0D928}.Debug|Mixed Platforms.Build.0 = Debug|x86
		{ABE681F1-1BD8-444F-8CB3-DEE6E8B0D928}.Debug|x86.ActiveCfg = Debug|x86
		{ABE681F1-1BD8-444F-8CB3-DEE6E8B0D928}.Debug|x86.Build.0 = Debug|x86
		{ABE681F1-1BD8-444F-8CB3-DEE6E8B0D928}.Release|Any CPU.ActiveCfg = Release|Any CPU
		{ABE681F1-1BD8-444F-8CB3-DEE6E8B0D928}.Release|Any CPU.Build.0 = Release|Any CPU
		{ABE681F1-1BD8-444F-8CB3-DEE6E8B0D928}.Release|Mixed Platforms.ActiveCfg = Release|x86
		{ABE681F1-1BD8-444F-8CB3-DEE6E8B0D928}.Release|Mixed Platforms.Build.0 = Release|x86
		{ABE681F1-1BD8-444F-8CB3-DEE6E8B0D928}.Release|x86.ActiveCfg = Release|x86
		{ABE681F1-1BD8-444F-8CB3-DEE6E8B0D928}.Release|x86.Build.0 = Release|x86
		{EBE8B258-C1EB-489E-9FCE-6261C0229629}.Debug|Any CPU.ActiveCfg = Debug|Any CPU
		{EBE8B258-C1EB-489E-9FCE-6261C0229629}.Debug|Any CPU.Build.0 = Debug|Any CPU
		{EBE8B258-C1EB-489E-9FCE-6261C0229629}.Debug|Mixed Platforms.ActiveCfg = Debug|x86
		{EBE8B258-C1EB-489E-9FCE-6261C0229629}.Debug|Mixed Platforms.Build.0 = Debug|x86
		{EBE8B258-C1EB-489E-9FCE-6261C0229629}.Debug|x86.ActiveCfg = Debug|x86
		{EBE8B258-C1EB-489E-9FCE-6261C0229629}.Debug|x86.Build.0 = Debug|x86
		{EBE8B258-C1EB-489E-9FCE-6261C0229629}.Release|Any CPU.ActiveCfg = Release|Any CPU
		{EBE8B258-C1EB-489E-9FCE-6261C0229629}.Release|Any CPU.Build.0 = Release|Any CPU
		{EBE8B258-C1EB-489E-9FCE-6261C0229629}.Release|Mixed Platforms.ActiveCfg = Release|Any CPU
		{EBE8B258-C1EB-489E-9FCE-6261C0229629}.Release|Mixed Platforms.Build.0 = Release|Any CPU
		{EBE8B258-C1EB-489E-9FCE-6261C0229629}.Release|x86.ActiveCfg = Release|x86
		{EBE8B258-C1EB-489E-9FCE-6261C0229629}.Release|x86.Build.0 = Release|x86
		{78F5B013-74A1-4D92-BDA4-C2897B03470C}.Debug|Any CPU.ActiveCfg = Debug|Any CPU
		{78F5B013-74A1-4D92-BDA4-C2897B03470C}.Debug|Any CPU.Build.0 = Debug|Any CPU
		{78F5B013-74A1-4D92-BDA4-C2897B03470C}.Debug|Mixed Platforms.ActiveCfg = Debug|x86
		{78F5B013-74A1-4D92-BDA4-C2897B03470C}.Debug|Mixed Platforms.Build.0 = Debug|x86
		{78F5B013-74A1-4D92-BDA4-C2897B03470C}.Debug|x86.ActiveCfg = Debug|x86
		{78F5B013-74A1-4D92-BDA4-C2897B03470C}.Debug|x86.Build.0 = Debug|x86
		{78F5B013-74A1-4D92-BDA4-C2897B03470C}.Release|Any CPU.ActiveCfg = Release|Any CPU
		{78F5B013-74A1-4D92-BDA4-C2897B03470C}.Release|Any CPU.Build.0 = Release|Any CPU
		{78F5B013-74A1-4D92-BDA4-C2897B03470C}.Release|Mixed Platforms.ActiveCfg = Release|Any CPU
		{78F5B013-74A1-4D92-BDA4-C2897B03470C}.Release|Mixed Platforms.Build.0 = Release|Any CPU
		{78F5B013-74A1-4D92-BDA4-C2897B03470C}.Release|x86.ActiveCfg = Release|x86
		{78F5B013-74A1-4D92-BDA4-C2897B03470C}.Release|x86.Build.0 = Release|x86
		{058361F4-1793-4AF2-B88C-9172E3736AF1}.Debug|Any CPU.ActiveCfg = Debug|Any CPU
		{058361F4-1793-4AF2-B88C-9172E3736AF1}.Debug|Any CPU.Build.0 = Debug|Any CPU
		{058361F4-1793-4AF2-B88C-9172E3736AF1}.Debug|Mixed Platforms.ActiveCfg = Debug|x86
		{058361F4-1793-4AF2-B88C-9172E3736AF1}.Debug|Mixed Platforms.Build.0 = Debug|x86
		{058361F4-1793-4AF2-B88C-9172E3736AF1}.Debug|x86.ActiveCfg = Debug|x86
		{058361F4-1793-4AF2-B88C-9172E3736AF1}.Debug|x86.Build.0 = Debug|x86
		{058361F4-1793-4AF2-B88C-9172E3736AF1}.Release|Any CPU.ActiveCfg = Release|Any CPU
		{058361F4-1793-4AF2-B88C-9172E3736AF1}.Release|Any CPU.Build.0 = Release|Any CPU
		{058361F4-1793-4AF2-B88C-9172E3736AF1}.Release|Mixed Platforms.ActiveCfg = Release|Any CPU
		{058361F4-1793-4AF2-B88C-9172E3736AF1}.Release|Mixed Platforms.Build.0 = Release|Any CPU
		{058361F4-1793-4AF2-B88C-9172E3736AF1}.Release|x86.ActiveCfg = Release|x86
		{058361F4-1793-4AF2-B88C-9172E3736AF1}.Release|x86.Build.0 = Release|x86
		{C95E3FBF-2ECE-43DA-8607-018B42EA2E58}.Debug|Any CPU.ActiveCfg = Debug|Any CPU
		{C95E3FBF-2ECE-43DA-8607-018B42EA2E58}.Debug|Any CPU.Build.0 = Debug|Any CPU
		{C95E3FBF-2ECE-43DA-8607-018B42EA2E58}.Debug|Mixed Platforms.ActiveCfg = Debug|x86
		{C95E3FBF-2ECE-43DA-8607-018B42EA2E58}.Debug|Mixed Platforms.Build.0 = Debug|x86
		{C95E3FBF-2ECE-43DA-8607-018B42EA2E58}.Debug|x86.ActiveCfg = Debug|x86
		{C95E3FBF-2ECE-43DA-8607-018B42EA2E58}.Debug|x86.Build.0 = Debug|x86
		{C95E3FBF-2ECE-43DA-8607-018B42EA2E58}.Release|Any CPU.ActiveCfg = Release|Any CPU
		{C95E3FBF-2ECE-43DA-8607-018B42EA2E58}.Release|Any CPU.Build.0 = Release|Any CPU
		{C95E3FBF-2ECE-43DA-8607-018B42EA2E58}.Release|Mixed Platforms.ActiveCfg = Release|Any CPU
		{C95E3FBF-2ECE-43DA-8607-018B42EA2E58}.Release|Mixed Platforms.Build.0 = Release|Any CPU
		{C95E3FBF-2ECE-43DA-8607-018B42EA2E58}.Release|x86.ActiveCfg = Release|x86
		{C95E3FBF-2ECE-43DA-8607-018B42EA2E58}.Release|x86.Build.0 = Release|x86
		{F7C75DCE-CBE3-4EC6-A178-01FD59CFED93}.Debug|Any CPU.ActiveCfg = Debug|Any CPU
		{F7C75DCE-CBE3-4EC6-A178-01FD59CFED93}.Debug|Any CPU.Build.0 = Debug|Any CPU
		{F7C75DCE-CBE3-4EC6-A178-01FD59CFED93}.Debug|Mixed Platforms.ActiveCfg = Debug|x86
		{F7C75DCE-CBE3-4EC6-A178-01FD59CFED93}.Debug|Mixed Platforms.Build.0 = Debug|x86
		{F7C75DCE-CBE3-4EC6-A178-01FD59CFED93}.Debug|x86.ActiveCfg = Debug|x86
		{F7C75DCE-CBE3-4EC6-A178-01FD59CFED93}.Debug|x86.Build.0 = Debug|x86
		{F7C75DCE-CBE3-4EC6-A178-01FD59CFED93}.Release|Any CPU.ActiveCfg = Release|Any CPU
		{F7C75DCE-CBE3-4EC6-A178-01FD59CFED93}.Release|Any CPU.Build.0 = Release|Any CPU
		{F7C75DCE-CBE3-4EC6-A178-01FD59CFED93}.Release|Mixed Platforms.ActiveCfg = Release|Any CPU
		{F7C75DCE-CBE3-4EC6-A178-01FD59CFED93}.Release|Mixed Platforms.Build.0 = Release|Any CPU
		{F7C75DCE-CBE3-4EC6-A178-01FD59CFED93}.Release|x86.ActiveCfg = Release|x86
		{F7C75DCE-CBE3-4EC6-A178-01FD59CFED93}.Release|x86.Build.0 = Release|x86
		{12B008B6-66F1-4C96-86D6-7C79C617BD97}.Debug|Any CPU.ActiveCfg = Debug|Any CPU
		{12B008B6-66F1-4C96-86D6-7C79C617BD97}.Debug|Any CPU.Build.0 = Debug|Any CPU
		{12B008B6-66F1-4C96-86D6-7C79C617BD97}.Debug|Mixed Platforms.ActiveCfg = Debug|x86
		{12B008B6-66F1-4C96-86D6-7C79C617BD97}.Debug|Mixed Platforms.Build.0 = Debug|x86
		{12B008B6-66F1-4C96-86D6-7C79C617BD97}.Debug|x86.ActiveCfg = Debug|x86
		{12B008B6-66F1-4C96-86D6-7C79C617BD97}.Debug|x86.Build.0 = Debug|x86
		{12B008B6-66F1-4C96-86D6-7C79C617BD97}.Release|Any CPU.ActiveCfg = Release|x86
		{12B008B6-66F1-4C96-86D6-7C79C617BD97}.Release|Mixed Platforms.ActiveCfg = Release|x86
		{12B008B6-66F1-4C96-86D6-7C79C617BD97}.Release|Mixed Platforms.Build.0 = Release|x86
		{12B008B6-66F1-4C96-86D6-7C79C617BD97}.Release|x86.ActiveCfg = Release|x86
		{12B008B6-66F1-4C96-86D6-7C79C617BD97}.Release|x86.Build.0 = Release|x86
	EndGlobalSection
	GlobalSection(SolutionProperties) = preSolution
		HideSolutionNode = FALSE
	EndGlobalSection
EndGlobal
